
Microsoft Visual Studio Solution File, Format Version 12.00
# Visual Studio 15
VisualStudioVersion = 15.0.28307.329
MinimumVisualStudioVersion = 10.0.40219.1
Project("{FAE04EC0-301F-11D3-BF4B-00C04F79EFBC}") = "ReportingService", "Glimpse\ReportingService\ReportingService.csproj", "{6AEB86C9-405E-4AF7-9431-C5408E455F6C}"
EndProject
Global
	GlobalSection(SolutionConfigurationPlatforms) = preSolution
		Debug|Any CPU = Debug|Any CPU
		Release|Any CPU = Release|Any CPU
	EndGlobalSection
	GlobalSection(ProjectConfigurationPlatforms) = postSolution
		{6AEB86C9-405E-4AF7-9431-C5408E455F6C}.Debug|Any CPU.ActiveCfg = Debug|Any CPU
		{6AEB86C9-405E-4AF7-9431-C5408E455F6C}.Debug|Any CPU.Build.0 = Debug|Any CPU
		{6AEB86C9-405E-4AF7-9431-C5408E455F6C}.Release|Any CPU.ActiveCfg = Release|Any CPU
		{6AEB86C9-405E-4AF7-9431-C5408E455F6C}.Release|Any CPU.Build.0 = Release|Any CPU
	EndGlobalSection
	GlobalSection(SolutionProperties) = preSolution
		HideSolutionNode = FALSE
	EndGlobalSection
	GlobalSection(ExtensibilityGlobals) = postSolution
		SolutionGuid = {B36A4520-6A94-4BCC-983A-936C83F7AE3B}
	EndGlobalSection
EndGlobal
